
Microsoft Visual Studio Solution File, Format Version 12.00
# Visual Studio Version 17
VisualStudioVersion = 17.10.34928.147
MinimumVisualStudioVersion = 10.0.40219.1
Project("{FAE04EC0-301F-11D3-BF4B-00C04F79EFBC}") = "PocketDews.CommandLineParser", "PocketDews.CommandLineParser.csproj", "{72132CBE-306D-44C8-825C-A80A6019C191}"
EndProject
Global
	GlobalSection(SolutionConfigurationPlatforms) = preSolution
		Debug|Any CPU = Debug|Any CPU
		Release|Any CPU = Release|Any CPU
	EndGlobalSection
	GlobalSection(ProjectConfigurationPlatforms) = postSolution
		{72132CBE-306D-44C8-825C-A80A6019C191}.Debug|Any CPU.ActiveCfg = Debug|Any CPU
		{72132CBE-306D-44C8-825C-A80A6019C191}.Debug|Any CPU.Build.0 = Debug|Any CPU
		{72132CBE-306D-44C8-825C-A80A6019C191}.Release|Any CPU.ActiveCfg = Release|Any CPU
		{72132CBE-306D-44C8-825C-A80A6019C191}.Release|Any CPU.Build.0 = Release|Any CPU
	EndGlobalSection
	GlobalSection(SolutionProperties) = preSolution
		HideSolutionNode = FALSE
	EndGlobalSection
	GlobalSection(ExtensibilityGlobals) = postSolution
		SolutionGuid = {8D42215B-D22B-43E4-BC5F-97A5EFD63117}
	EndGlobalSection
EndGlobal
